
Microsoft Visual Studio Solution File, Format Version 12.00
# Visual Studio 15
Project("{FAE04EC0-301F-11D3-BF4B-00C04F79EFBC}") = "Assembly-CSharp", "Assembly-CSharp.csproj", "{707532A3-4261-564F-FA82-36858534326E}"
EndProject
Project("{FAE04EC0-301F-11D3-BF4B-00C04F79EFBC}") = "Assembly-CSharp-Editor", "Assembly-CSharp-Editor.csproj", "{DBFECEAB-AD44-79FD-BE61-BA43C760B881}"
EndProject
Project("{FAE04EC0-301F-11D3-BF4B-00C04F79EFBC}") = "QuestManager", "..\QuestManager\QuestManager.csproj", "{14232F97-64C2-43A6-937E-4033206D8B4D}"
EndProject
Global
	GlobalSection(SolutionConfigurationPlatforms) = preSolution
		Debug|Any CPU = Debug|Any CPU
		Release|Any CPU = Release|Any CPU
	EndGlobalSection
	GlobalSection(ProjectConfigurationPlatforms) = postSolution
		{707532A3-4261-564F-FA82-36858534326E}.Debug|Any CPU.ActiveCfg = Debug|Any CPU
		{707532A3-4261-564F-FA82-36858534326E}.Debug|Any CPU.Build.0 = Debug|Any CPU
		{707532A3-4261-564F-FA82-36858534326E}.Release|Any CPU.ActiveCfg = Release|Any CPU
		{707532A3-4261-564F-FA82-36858534326E}.Release|Any CPU.Build.0 = Release|Any CPU
		{DBFECEAB-AD44-79FD-BE61-BA43C760B881}.Debug|Any CPU.ActiveCfg = Debug|Any CPU
		{DBFECEAB-AD44-79FD-BE61-BA43C760B881}.Debug|Any CPU.Build.0 = Debug|Any CPU
		{DBFECEAB-AD44-79FD-BE61-BA43C760B881}.Release|Any CPU.ActiveCfg = Release|Any CPU
		{DBFECEAB-AD44-79FD-BE61-BA43C760B881}.Release|Any CPU.Build.0 = Release|Any CPU
		{14232F97-64C2-43A6-937E-4033206D8B4D}.Debug|Any CPU.ActiveCfg = Debug|Any CPU
		{14232F97-64C2-43A6-937E-4033206D8B4D}.Debug|Any CPU.Build.0 = Debug|Any CPU
		{14232F97-64C2-43A6-937E-4033206D8B4D}.Release|Any CPU.ActiveCfg = Release|Any CPU
		{14232F97-64C2-43A6-937E-4033206D8B4D}.Release|Any CPU.Build.0 = Release|Any CPU
	EndGlobalSection
	GlobalSection(SolutionProperties) = preSolution
		HideSolutionNode = FALSE
	EndGlobalSection
EndGlobal
